PODS:
  - UICollectionViewLeftAlignedLayout (0.0.1)

DEPENDENCIES:
  - UICollectionViewLeftAlignedLayout (from `../`)

EXTERNAL SOURCES:
  UICollectionViewLeftAlignedLayout:
    :path: ../

SPEC CHECKSUMS:
  UICollectionViewLeftAlignedLayout: 08325f5827f870a8ffe18d93e6cdb1fff0a40fbe

COCOAPODS: 0.32.1
