PODS:
  - OpenSans (1.0.0)
  - UICollectionViewLeftAlignedLayout (0.0.2)
  - UIColor+FlatColors (0.0.1)

DEPENDENCIES:
  - OpenSans
  - UICollectionViewLeftAlignedLayout (from `..`)
  - UIColor+FlatColors

EXTERNAL SOURCES:
  UICollectionViewLeftAlignedLayout:
    :path: ..

SPEC CHECKSUMS:
  OpenSans: 3baec7cba529831a54938be34fe3866d88397674
  UICollectionViewLeftAlignedLayout: e4a3b3bc0192456a263e772f9cfd2bf6638fafa2
  UIColor+FlatColors: 621b66928bbf5a89581a7a5c4099b2c3836f85bb

COCOAPODS: 0.33.1
