// !$*UTF8*$!
{
	archiveVersion = 1;
	classes = {
	};
	objectVersion = 47;
	objects = {

/* Begin PBXBuildFile section */
		BFCF46841CE3180D00C08618 /* AppDelegate.swift in Sources */ = {isa = PBXBuildFile; fileRef = BFCF46831CE3180D00C08618 /* AppDelegate.swift */; };
		BFCF46861CE3180D00C08618 /* ViewController.swift in Sources */ = {isa = PBXBuildFile; fileRef = BFCF46851CE3180D00C08618 /* ViewController.swift */; };
		BFCF468B1CE3180D00C08618 /* Assets.xcassets in Resources */ = {isa = PBXBuildFile; fileRef = BFCF468A1CE3180D00C08618 /* Assets.xcassets */; };
		BFCF468E1CE3180D00C08618 /* LaunchScreen.storyboard in Resources */ = {isa = PBXBuildFile; fileRef = BFCF468C1CE3180D00C08618 /* LaunchScreen.storyboard */; };
		BFCF46991CE3180D00C08618 /* ExampleUITests.swift in Sources */ = {isa = PBXBuildFile; fileRef = BFCF46981CE3180D00C08618 /* ExampleUITests.swift */; };
		BFE628461CE3367A00AC92EB /* SnapKit.framework in Frameworks */ = {isa = PBXBuildFile; fileRef = BFE628451CE3367A00AC92EB /* SnapKit.framework */; };
/* End PBXBuildFile section */

/* Begin PBXContainerItemProxy section */
		BFCF46951CE3180D00C08618 /* PBXContainerItemProxy */ = {
			isa = PBXContainerItemProxy;
			containerPortal = BFCF46781CE3180D00C08618 /* Project object */;
			proxyType = 1;
			remoteGlobalIDString = BFCF467F1CE3180D00C08618;
			remoteInfo = Example;
		};
		BFE6283D1CE32BAA00AC92EB /* PBXContainerItemProxy */ = {
			isa = PBXContainerItemProxy;
			containerPortal = BFE628381CE32BAA00AC92EB /* CollectionViewLeftAlignedLayout.xcodeproj */;
			proxyType = 2;
			remoteGlobalIDString = BFCF465B1CE2DF6400C08618;
			remoteInfo = CollectionViewLeftAlignedLayout;
		};
		BFE6283F1CE32BAA00AC92EB /* PBXContainerItemProxy */ = {
			isa = PBXContainerItemProxy;
			containerPortal = BFE628381CE32BAA00AC92EB /* CollectionViewLeftAlignedLayout.xcodeproj */;
			proxyType = 2;
			remoteGlobalIDString = BFCF46651CE2DF6400C08618;
			remoteInfo = CollectionViewLeftAlignedLayoutTests;
		};
		BFE628411CE32BB300AC92EB /* PBXContainerItemProxy */ = {
			isa = PBXContainerItemProxy;
			containerPortal = BFE628381CE32BAA00AC92EB /* CollectionViewLeftAlignedLayout.xcodeproj */;
			proxyType = 1;
			remoteGlobalIDString = BFCF465A1CE2DF6400C08618;
			remoteInfo = CollectionViewLeftAlignedLayout;
		};
/* End PBXContainerItemProxy section */

/* Begin PBXFileReference section */
		BFCF46801CE3180D00C08618 /* Example.app */ = {isa = PBXFileReference; explicitFileType = wrapper.application; includeInIndex = 0; path = Example.app; sourceTree = BUILT_PRODUCTS_DIR; };
		BFCF46831CE3180D00C08618 /* AppDelegate.swift */ = {isa = PBXFileReference; lastKnownFileType = sourcecode.swift; path = AppDelegate.swift; sourceTree = "<group>"; };
		BFCF46851CE3180D00C08618 /* ViewController.swift */ = {isa = PBXFileReference; lastKnownFileType = sourcecode.swift; path = ViewController.swift; sourceTree = "<group>"; };
		BFCF468A1CE3180D00C08618 /* Assets.xcassets */ = {isa = PBXFileReference; lastKnownFileType = folder.assetcatalog; path = Assets.xcassets; sourceTree = "<group>"; };
		BFCF468D1CE3180D00C08618 /* Base */ = {isa = PBXFileReference; lastKnownFileType = file.storyboard; name = Base; path = Base.lproj/LaunchScreen.storyboard; sourceTree = "<group>"; };
		BFCF468F1CE3180D00C08618 /* Info.plist */ = {isa = PBXFileReference; lastKnownFileType = text.plist.xml; path = Info.plist; sourceTree = "<group>"; };
		BFCF46941CE3180D00C08618 /* ExampleUITests.xctest */ = {isa = PBXFileReference; explicitFileType = wrapper.cfbundle; includeInIndex = 0; path = ExampleUITests.xctest; sourceTree = BUILT_PRODUCTS_DIR; };
		BFCF46981CE3180D00C08618 /* ExampleUITests.swift */ = {isa = PBXFileReference; lastKnownFileType = sourcecode.swift; path = ExampleUITests.swift; sourceTree = "<group>"; };
		BFCF469A1CE3180D00C08618 /* Info.plist */ = {isa = PBXFileReference; lastKnownFileType = text.plist.xml; path = Info.plist; sourceTree = "<group>"; };
		BFE628381CE32BAA00AC92EB /* CollectionViewLeftAlignedLayout.xcodeproj */ = {isa = PBXFileReference; lastKnownFileType = "wrapper.pb-project"; name = CollectionViewLeftAlignedLayout.xcodeproj; path = ../CollectionViewLeftAlignedLayout.xcodeproj; sourceTree = "<group>"; };
		BFE628451CE3367A00AC92EB /* SnapKit.framework */ = {isa = PBXFileReference; lastKnownFileType = wrapper.framework; name = SnapKit.framework; path = Carthage/Build/iOS/SnapKit.framework; sourceTree = "<group>"; };
/* End PBXFileReference section */

/* Begin PBXFrameworksBuildPhase section */
		BFCF467D1CE3180D00C08618 /* Frameworks */ = {
			isa = PBXFrameworksBuildPhase;
			buildActionMask = 2147483647;
			files = (
				BFE628461CE3367A00AC92EB /* SnapKit.framework in Frameworks */,
			);
			runOnlyForDeploymentPostprocessing = 0;
		};
		BFCF46911CE3180D00C08618 /* Frameworks */ = {
			isa = PBXFrameworksBuildPhase;
			buildActionMask = 2147483647;
			files = (
			);
			runOnlyForDeploymentPostprocessing = 0;
		};
/* End PBXFrameworksBuildPhase section */

/* Begin PBXGroup section */
		BF500C2D1CEA56A1002ECC82 /* Frameworks */ = {
			isa = PBXGroup;
			children = (
				BFE628451CE3367A00AC92EB /* SnapKit.framework */,
			);
			name = Frameworks;
			sourceTree = "<group>";
		};
		BFCF46771CE3180D00C08618 = {
			isa = PBXGroup;
			children = (
				BFE628381CE32BAA00AC92EB /* CollectionViewLeftAlignedLayout.xcodeproj */,
				BF500C2D1CEA56A1002ECC82 /* Frameworks */,
				BFCF46821CE3180D00C08618 /* Example */,
				BFCF46971CE3180D00C08618 /* ExampleUITests */,
				BFCF46811CE3180D00C08618 /* Products */,
			);
			sourceTree = "<group>";
		};
		BFCF46811CE3180D00C08618 /* Products */ = {
			isa = PBXGroup;
			children = (
				BFCF46801CE3180D00C08618 /* Example.app */,
				BFCF46941CE3180D00C08618 /* ExampleUITests.xctest */,
			);
			name = Products;
			sourceTree = "<group>";
		};
		BFCF46821CE3180D00C08618 /* Example */ = {
			isa = PBXGroup;
			children = (
				BFCF46831CE3180D00C08618 /* AppDelegate.swift */,
				BFCF46851CE3180D00C08618 /* ViewController.swift */,
				BFCF468A1CE3180D00C08618 /* Assets.xcassets */,
				BFCF468C1CE3180D00C08618 /* LaunchScreen.storyboard */,
				BFCF468F1CE3180D00C08618 /* Info.plist */,
			);
			path = Example;
			sourceTree = "<group>";
		};
		BFCF46971CE3180D00C08618 /* ExampleUITests */ = {
			isa = PBXGroup;
			children = (
				BFCF46981CE3180D00C08618 /* ExampleUITests.swift */,
				BFCF469A1CE3180D00C08618 /* Info.plist */,
			);
			path = ExampleUITests;
			sourceTree = "<group>";
		};
		BFE628391CE32BAA00AC92EB /* Products */ = {
			isa = PBXGroup;
			children = (
				BFE6283E1CE32BAA00AC92EB /* CollectionViewLeftAlignedLayout.framework */,
				BFE628401CE32BAA00AC92EB /* CollectionViewLeftAlignedLayoutTests.xctest */,
			);
			name = Products;
			sourceTree = "<group>";
		};
/* End PBXGroup section */

/* Begin PBXNativeTarget section */
		BFCF467F1CE3180D00C08618 /* Example */ = {
			isa = PBXNativeTarget;
			buildConfigurationList = BFCF469D1CE3180D00C08618 /* Build configuration list for PBXNativeTarget "Example" */;
			buildPhases = (
				BFCF467C1CE3180D00C08618 /* Sources */,
				BFCF467D1CE3180D00C08618 /* Frameworks */,
				BFCF467E1CE3180D00C08618 /* Resources */,
				BFE628471CE3368F00AC92EB /* Run Carthage Script */,
			);
			buildRules = (
			);
			dependencies = (
				BFE628421CE32BB300AC92EB /* PBXTargetDependency */,
			);
			name = Example;
			productName = Example;
			productReference = BFCF46801CE3180D00C08618 /* Example.app */;
			productType = "com.apple.product-type.application";
		};
		BFCF46931CE3180D00C08618 /* ExampleUITests */ = {
			isa = PBXNativeTarget;
			buildConfigurationList = BFCF46A01CE3180D00C08618 /* Build configuration list for PBXNativeTarget "ExampleUITests" */;
			buildPhases = (
				BFCF46901CE3180D00C08618 /* Sources */,
				BFCF46911CE3180D00C08618 /* Frameworks */,
				BFCF46921CE3180D00C08618 /* Resources */,
			);
			buildRules = (
			);
			dependencies = (
				BFCF46961CE3180D00C08618 /* PBXTargetDependency */,
			);
			name = ExampleUITests;
			productName = ExampleUITests;
			productReference = BFCF46941CE3180D00C08618 /* ExampleUITests.xctest */;
			productType = "com.apple.product-type.bundle.ui-testing";
		};
/* End PBXNativeTarget section */

/* Begin PBXProject section */
		BFCF46781CE3180D00C08618 /* Project object */ = {
			isa = PBXProject;
			attributes = {
				LastSwiftUpdateCheck = 0730;
				LastUpgradeCheck = 0730;
				ORGANIZATIONNAME = "Giovanni Lodi";
				TargetAttributes = {
					BFCF467F1CE3180D00C08618 = {
						CreatedOnToolsVersion = 7.3.1;
					};
					BFCF46931CE3180D00C08618 = {
						CreatedOnToolsVersion = 7.3.1;
						TestTargetID = BFCF467F1CE3180D00C08618;
					};
				};
			};
			buildConfigurationList = BFCF467B1CE3180D00C08618 /* Build configuration list for PBXProject "Example" */;
			compatibilityVersion = "Xcode 6.3";
			developmentRegion = English;
			hasScannedForEncodings = 0;
			knownRegions = (
				en,
				Base,
			);
			mainGroup = BFCF46771CE3180D00C08618;
			productRefGroup = BFCF46811CE3180D00C08618 /* Products */;
			projectDirPath = "";
			projectReferences = (
				{
					ProductGroup = BFE628391CE32BAA00AC92EB /* Products */;
					ProjectRef = BFE628381CE32BAA00AC92EB /* CollectionViewLeftAlignedLayout.xcodeproj */;
				},
			);
			projectRoot = "";
			targets = (
				BFCF467F1CE3180D00C08618 /* Example */,
				BFCF46931CE3180D00C08618 /* ExampleUITests */,
			);
		};
/* End PBXProject section */

/* Begin PBXReferenceProxy section */
		BFE6283E1CE32BAA00AC92EB /* CollectionViewLeftAlignedLayout.framework */ = {
			isa = PBXReferenceProxy;
			fileType = wrapper.framework;
			path = CollectionViewLeftAlignedLayout.framework;
			remoteRef = BFE6283D1CE32BAA00AC92EB /* PBXContainerItemProxy */;
			sourceTree = BUILT_PRODUCTS_DIR;
		};
		BFE628401CE32BAA00AC92EB /* CollectionViewLeftAlignedLayoutTests.xctest */ = {
			isa = PBXReferenceProxy;
			fileType = wrapper.cfbundle;
			path = CollectionViewLeftAlignedLayoutTests.xctest;
			remoteRef = BFE6283F1CE32BAA00AC92EB /* PBXContainerItemProxy */;
			sourceTree = BUILT_PRODUCTS_DIR;
		};
/* End PBXReferenceProxy section */

/* Begin PBXResourcesBuildPhase section */
		BFCF467E1CE3180D00C08618 /* Resources */ = {
			isa = PBXResourcesBuildPhase;
			buildActionMask = 2147483647;
			files = (
				BFCF468E1CE3180D00C08618 /* LaunchScreen.storyboard in Resources */,
				BFCF468B1CE3180D00C08618 /* Assets.xcassets in Resources */,
			);
			runOnlyForDeploymentPostprocessing = 0;
		};
		BFCF46921CE3180D00C08618 /* Resources */ = {
			isa = PBXResourcesBuildPhase;
			buildActionMask = 2147483647;
			files = (
			);
			runOnlyForDeploymentPostprocessing = 0;
		};
/* End PBXResourcesBuildPhase section */

/* Begin PBXShellScriptBuildPhase section */
		BFE628471CE3368F00AC92EB /* Run Carthage Script */ = {
			isa = PBXShellScriptBuildPhase;
			buildActionMask = 2147483647;
			files = (
			);
			inputPaths = (
				"$(SRCROOT)/Carthage/Build/iOS/SnapKit.framework",
			);
			name = "Run Carthage Script";
			outputPaths = (
			);
			runOnlyForDeploymentPostprocessing = 0;
			shellPath = /bin/sh;
			shellScript = "/usr/local/bin/carthage copy-frameworks";
		};
/* End PBXShellScriptBuildPhase section */

/* Begin PBXSourcesBuildPhase section */
		BFCF467C1CE3180D00C08618 /* Sources */ = {
			isa = PBXSourcesBuildPhase;
			buildActionMask = 2147483647;
			files = (
				BFCF46861CE3180D00C08618 /* ViewController.swift in Sources */,
				BFCF46841CE3180D00C08618 /* AppDelegate.swift in Sources */,
			);
			runOnlyForDeploymentPostprocessing = 0;
		};
		BFCF46901CE3180D00C08618 /* Sources */ = {
			isa = PBXSourcesBuildPhase;
			buildActionMask = 2147483647;
			files = (
				BFCF46991CE3180D00C08618 /* ExampleUITests.swift in Sources */,
			);
			runOnlyForDeploymentPostprocessing = 0;
		};
/* End PBXSourcesBuildPhase section */

/* Begin PBXTargetDependency section */
		BFCF46961CE3180D00C08618 /* PBXTargetDependency */ = {
			isa = PBXTargetDependency;
			target = BFCF467F1CE3180D00C08618 /* Example */;
			targetProxy = BFCF46951CE3180D00C08618 /* PBXContainerItemProxy */;
		};
		BFE628421CE32BB300AC92EB /* PBXTargetDependency */ = {
			isa = PBXTargetDependency;
			name = CollectionViewLeftAlignedLayout;
			targetProxy = BFE628411CE32BB300AC92EB /* PBXContainerItemProxy */;
		};
/* End PBXTargetDependency section */

/* Begin PBXVariantGroup section */
		BFCF468C1CE3180D00C08618 /* LaunchScreen.storyboard */ = {
			isa = PBXVariantGroup;
			children = (
				BFCF468D1CE3180D00C08618 /* Base */,
			);
			name = LaunchScreen.storyboard;
			sourceTree = "<group>";
		};
/* End PBXVariantGroup section */

/* Begin XCBuildConfiguration section */
		BFCF469B1CE3180D00C08618 /* Debug */ = {
			isa = XCBuildConfiguration;
			buildSettings = {
				ALWAYS_SEARCH_USER_PATHS = NO;
				CLANG_ANALYZER_NONNULL = YES;
				CLANG_CXX_LANGUAGE_STANDARD = "gnu++0x";
				CLANG_CXX_LIBRARY = "libc++";
				CLANG_ENABLE_MODULES = YES;
				CLANG_ENABLE_OBJC_ARC = YES;
				CLANG_WARN_BOOL_CONVERSION = YES;
				CLANG_WARN_CONSTANT_CONVERSION = YES;
				CLANG_WARN_DIRECT_OBJC_ISA_USAGE = YES_ERROR;
				CLANG_WARN_EMPTY_BODY = YES;
				CLANG_WARN_ENUM_CONVERSION = YES;
				CLANG_WARN_INT_CONVERSION = YES;
				CLANG_WARN_OBJC_ROOT_CLASS = YES_ERROR;
				CLANG_WARN_UNREACHABLE_CODE = YES;
				CLANG_WARN__DUPLICATE_METHOD_MATCH = YES;
				COPY_PHASE_STRIP = NO;
				DEBUG_INFORMATION_FORMAT = dwarf;
				ENABLE_STRICT_OBJC_MSGSEND = YES;
				ENABLE_TESTABILITY = YES;
				GCC_C_LANGUAGE_STANDARD = gnu99;
				GCC_DYNAMIC_NO_PIC = NO;
				GCC_NO_COMMON_BLOCKS = YES;
				GCC_OPTIMIZATION_LEVEL = 0;
				GCC_PREPROCESSOR_DEFINITIONS = (
					"DEBUG=1",
					"$(inherited)",
				);
				GCC_WARN_64_TO_32_BIT_CONVERSION = YES;
				GCC_WARN_ABOUT_RETURN_TYPE = YES_ERROR;
				GCC_WARN_UNDECLARED_SELECTOR = YES;
				GCC_WARN_UNINITIALIZED_AUTOS = YES_AGGRESSIVE;
				GCC_WARN_UNUSED_FUNCTION = YES;
				GCC_WARN_UNUSED_VARIABLE = YES;
				IPHONEOS_DEPLOYMENT_TARGET = 8.0;
				MTL_ENABLE_DEBUG_INFO = YES;
				ONLY_ACTIVE_ARCH = YES;
				SDKROOT = iphoneos;
				SWIFT_OPTIMIZATION_LEVEL = "-Onone";
				TARGETED_DEVICE_FAMILY = "1,2";
			};
			name = Debug;
		};
		BFCF469C1CE3180D00C08618 /* Release */ = {
			isa = XCBuildConfiguration;
			buildSettings = {
				ALWAYS_SEARCH_USER_PATHS = NO;
				CLANG_ANALYZER_NONNULL = YES;
				CLANG_CXX_LANGUAGE_STANDARD = "gnu++0x";
				CLANG_CXX_LIBRARY = "libc++";
				CLANG_ENABLE_MODULES = YES;
				CLANG_ENABLE_OBJC_ARC = YES;
				CLANG_WARN_BOOL_CONVERSION = YES;
				CLANG_WARN_CONSTANT_CONVERSION = YES;
				CLANG_WARN_DIRECT_OBJC_ISA_USAGE = YES_ERROR;
				CLANG_WARN_EMPTY_BODY = YES;
				CLANG_WARN_ENUM_CONVERSION = YES;
				CLANG_WARN_INT_CONVERSION = YES;
				CLANG_WARN_OBJC_ROOT_CLASS = YES_ERROR;
				CLANG_WARN_UNREACHABLE_CODE = YES;
				CLANG_WARN__DUPLICATE_METHOD_MATCH = YES;
				COPY_PHASE_STRIP = NO;
				DEBUG_INFORMATION_FORMAT = "dwarf-with-dsym";
				ENABLE_NS_ASSERTIONS = NO;
				ENABLE_STRICT_OBJC_MSGSEND = YES;
				GCC_C_LANGUAGE_STANDARD = gnu99;
				GCC_NO_COMMON_BLOCKS = YES;
				GCC_WARN_64_TO_32_BIT_CONVERSION = YES;
				GCC_WARN_ABOUT_RETURN_TYPE = YES_ERROR;
				GCC_WARN_UNDECLARED_SELECTOR = YES;
				GCC_WARN_UNINITIALIZED_AUTOS = YES_AGGRESSIVE;
				GCC_WARN_UNUSED_FUNCTION = YES;
				GCC_WARN_UNUSED_VARIABLE = YES;
				IPHONEOS_DEPLOYMENT_TARGET = 8.0;
				MTL_ENABLE_DEBUG_INFO = NO;
				SDKROOT = iphoneos;
				TARGETED_DEVICE_FAMILY = "1,2";
				VALIDATE_PRODUCT = YES;
			};
			name = Release;
		};
		BFCF469E1CE3180D00C08618 /* Debug */ = {
			isa = XCBuildConfiguration;
			buildSettings = {
				ASSETCATALOG_COMPILER_APPICON_NAME = AppIcon;
				FRAMEWORK_SEARCH_PATHS = (
					"$(inherited)",
					"$(PROJECT_DIR)/Carthage/Build/iOS",
				);
				INFOPLIST_FILE = Example/Info.plist;
				LD_RUNPATH_SEARCH_PATHS = "$(inherited) @executable_path/Frameworks";
				PRODUCT_BUNDLE_IDENTIFIER = com.mokagio.Example;
				PRODUCT_NAME = "$(TARGET_NAME)";
			};
			name = Debug;
		};
		BFCF469F1CE3180D00C08618 /* Release */ = {
			isa = XCBuildConfiguration;
			buildSettings = {
				ASSETCATALOG_COMPILER_APPICON_NAME = AppIcon;
				FRAMEWORK_SEARCH_PATHS = (
					"$(inherited)",
					"$(PROJECT_DIR)/Carthage/Build/iOS",
				);
				INFOPLIST_FILE = Example/Info.plist;
				LD_RUNPATH_SEARCH_PATHS = "$(inherited) @executable_path/Frameworks";
				PRODUCT_BUNDLE_IDENTIFIER = com.mokagio.Example;
				PRODUCT_NAME = "$(TARGET_NAME)";
			};
			name = Release;
		};
		BFCF46A11CE3180D00C08618 /* Debug */ = {
			isa = XCBuildConfiguration;
			buildSettings = {
				INFOPLIST_FILE = ExampleUITests/Info.plist;
				LD_RUNPATH_SEARCH_PATHS = "$(inherited) @executable_path/Frameworks @loader_path/Frameworks";
				PRODUCT_BUNDLE_IDENTIFIER = com.mokagio.ExampleUITests;
				PRODUCT_NAME = "$(TARGET_NAME)";
				TEST_TARGET_NAME = Example;
			};
			name = Debug;
		};
		BFCF46A21CE3180D00C08618 /* Release */ = {
			isa = XCBuildConfiguration;
			buildSettings = {
				INFOPLIST_FILE = ExampleUITests/Info.plist;
				LD_RUNPATH_SEARCH_PATHS = "$(inherited) @executable_path/Frameworks @loader_path/Frameworks";
				PRODUCT_BUNDLE_IDENTIFIER = com.mokagio.ExampleUITests;
				PRODUCT_NAME = "$(TARGET_NAME)";
				TEST_TARGET_NAME = Example;
			};
			name = Release;
		};
/* End XCBuildConfiguration section */

/* Begin XCConfigurationList section */
		BFCF467B1CE3180D00C08618 /* Build configuration list for PBXProject "Example" */ = {
			isa = XCConfigurationList;
			buildConfigurations = (
				BFCF469B1CE3180D00C08618 /* Debug */,
				BFCF469C1CE3180D00C08618 /* Release */,
			);
			defaultConfigurationIsVisible = 0;
			defaultConfigurationName = Release;
		};
		BFCF469D1CE3180D00C08618 /* Build configuration list for PBXNativeTarget "Example" */ = {
			isa = XCConfigurationList;
			buildConfigurations = (
				BFCF469E1CE3180D00C08618 /* Debug */,
				BFCF469F1CE3180D00C08618 /* Release */,
			);
			defaultConfigurationIsVisible = 0;
			defaultConfigurationName = Release;
		};
		BFCF46A01CE3180D00C08618 /* Build configuration list for PBXNativeTarget "ExampleUITests" */ = {
			isa = XCConfigurationList;
			buildConfigurations = (
				BFCF46A11CE3180D00C08618 /* Debug */,
				BFCF46A21CE3180D00C08618 /* Release */,
			);
			defaultConfigurationIsVisible = 0;
			defaultConfigurationName = Release;
		};
/* End XCConfigurationList section */
	};
	rootObject = BFCF46781CE3180D00C08618 /* Project object */;
}
